<?xml version="1.0" encoding="utf-8"?>
<Project ToolsVersion="4.0" xmlns="http://schemas.microsoft.com/developer/msbuild/2003">
  <ItemGroup>
    <Filter Include="Source Files">
      <UniqueIdentifier>{4FC737F1-C7A5-4376-A066-2A32D752A2FF}</UniqueIdentifier>
      <Extensions>cpp;c;cc;cxx;def;odl;idl;hpj;bat;asm;asmx</Extensions>
    </Filter>
    <Filter Include="Header Files">
      <UniqueIdentifier>{93995380-89BD-4b04-88EB-625FBE52EBFB}</UniqueIdentifier>
      <Extensions>h;hh;hpp;hxx;hm;inl;inc;xsd</Extensions>
    </Filter>
    <Filter Include="Resource Files">
      <UniqueIdentifier>{67DA6AB6-F800-4c08-8B7A-83BB121AAD01}</UniqueIdentifier>
      <Extensions>rc;ico;cur;bmp;dlg;rc2;rct;bin;rgs;gif;jpg;jpeg;jpe;resx;tiff;tif;png;wav</Extensions>
    </Filter>
  </ItemGroup>
  <ItemGroup>
    <ClCompile Include="..\source\main.cpp">
      <Filter>Source Files</Filter>
    </ClCompile>
    <ClCompile Include="..\source\XmlDocument.cpp">
      <Filter>Source Files</Filter>
    </ClCompile>
    <ClCompile Include="..\source\components\ComponentCollection.cpp">
      <Filter>Source Files</Filter>
    </ClCompile>
    <ClCompile Include="..\source\components\ComponentContainerFactory.cpp">
      <Filter>Source Files</Filter>
    </ClCompile>
    <ClCompile Include="..\source\components\ComponentRepository.cpp">
      <Filter>Source Files</Filter>
    </ClCompile>
    <ClCompile Include="..\source\events\SDLEventCollector.cpp">
      <Filter>Source Files</Filter>
    </ClCompile>
    <ClCompile Include="..\source\graphics\BubbleGraphicsResource.cpp">
      <Filter>Source Files</Filter>
    </ClCompile>
    <ClCompile Include="..\source\graphics\Camera.cpp">
      <Filter>Source Files</Filter>
    </ClCompile>
    <ClCompile Include="..\source\graphics\Graphics.cpp">
      <Filter>Source Files</Filter>
    </ClCompile>
    <ClCompile Include="..\source\graphics\RectGraphicsResource.cpp">
      <Filter>Source Files</Filter>
    </ClCompile>
    <ClCompile Include="..\source\physics\Physics.cpp">
      <Filter>Source Files</Filter>
    </ClCompile>
    <ClCompile Include="..\source\snakegame\SnakeAction.cpp">
      <Filter>Source Files</Filter>
    </ClCompile>
    <ClCompile Include="..\source\snakegame\SnakeGameApp.cpp">
      <Filter>Source Files</Filter>
    </ClCompile>
    <ClCompile Include="..\source\snakegame\SnakeGameMenuStage.cpp">
      <Filter>Source Files</Filter>
    </ClCompile>
    <ClCompile Include="..\source\snakegame\SnakeGameStage.cpp">
      <Filter>Source Files</Filter>
    </ClCompile>
    <ClCompile Include="..\source\spacegame\PlayerSpaceshipAction.cpp">
      <Filter>Source Files</Filter>
    </ClCompile>
    <ClCompile Include="..\source\spacegame\SpaceGameApp.cpp">
      <Filter>Source Files</Filter>
    </ClCompile>
    <ClCompile Include="..\source\spacegame\SpaceGameMenuStage.cpp">
      <Filter>Source Files</Filter>
    </ClCompile>
    <ClCompile Include="..\source\utility\SerialUtility.cpp">
      <Filter>Source Files</Filter>
    </ClCompile>
  </ItemGroup>
  <ItemGroup>
    <ClInclude Include="..\headers\XmlDocument.h">
      <Filter>Header Files</Filter>
    </ClInclude>
    <ClInclude Include="..\headers\actions\IAction.h">
      <Filter>Header Files</Filter>
    </ClInclude>
    <ClInclude Include="..\headers\actions\SimpleButtonAction.h">
      <Filter>Header Files</Filter>
    </ClInclude>
    <ClInclude Include="..\headers\components\AISimpleGoalComponent.h">
      <Filter>Header Files</Filter>
    </ClInclude>
    <ClInclude Include="..\headers\components\BaseComponent.h">
      <Filter>Header Files</Filter>
    </ClInclude>
    <ClInclude Include="..\headers\components\CollisionComponent.h">
      <Filter>Header Files</Filter>
    </ClInclude>
    <ClInclude Include="..\headers\components\Component.h">
      <Filter>Header Files</Filter>
    </ClInclude>
    <ClInclude Include="..\headers\components\GraphicsComponent.h">
      <Filter>Header Files</Filter>
    </ClInclude>
    <ClInclude Include="..\headers\components\IntersectionComponent.h">
      <Filter>Header Files</Filter>
    </ClInclude>
    <ClInclude Include="..\headers\components\PhysicsComponent.h">
      <Filter>Header Files</Filter>
    </ClInclude>
    <ClInclude Include="..\headers\components\SimpleButtonComponent.h">
      <Filter>Header Files</Filter>
    </ClInclude>
    <ClInclude Include="..\headers\components\SimpleStateComponent.h">
      <Filter>Header Files</Filter>
    </ClInclude>
    <ClInclude Include="..\headers\components\TransformComponent.h">
      <Filter>Header Files</Filter>
    </ClInclude>
    <ClInclude Include="..\headers\components\VelocityComponent.h">
      <Filter>Header Files</Filter>
    </ClInclude>
    <ClInclude Include="..\headers\components\repository\CComponentCollection.h">
      <Filter>Header Files</Filter>
    </ClInclude>
    <ClInclude Include="..\headers\components\repository\CComponentCollectionFwd.h">
      <Filter>Header Files</Filter>
    </ClInclude>
    <ClInclude Include="..\headers\components\repository\ComponentCollection.h">
      <Filter>Header Files</Filter>
    </ClInclude>
    <ClInclude Include="..\headers\components\repository\ComponentCollectionIterator.h">
      <Filter>Header Files</Filter>
    </ClInclude>
    <ClInclude Include="..\headers\components\repository\ComponentContainerFactory.h">
      <Filter>Header Files</Filter>
    </ClInclude>
    <ClInclude Include="..\headers\components\repository\ComponentRepository.h">
      <Filter>Header Files</Filter>
    </ClInclude>
    <ClInclude Include="..\headers\components\repository\ComponentStore.h">
      <Filter>Header Files</Filter>
    </ClInclude>
    <ClInclude Include="..\headers\components\repository\Entity.h">
      <Filter>Header Files</Filter>
    </ClInclude>
    <ClInclude Include="..\headers\components\repository\IComponentContainer.h">
      <Filter>Header Files</Filter>
    </ClInclude>
    <ClInclude Include="..\headers\components\repository\VectorContainer.h">
      <Filter>Header Files</Filter>
    </ClInclude>
    <ClInclude Include="..\headers\demos\cameratest\CameraTestApp.h">
      <Filter>Header Files</Filter>
    </ClInclude>
    <ClInclude Include="..\headers\demos\cameratest\CameraTestStage.h">
      <Filter>Header Files</Filter>
    </ClInclude>
    <ClInclude Include="..\headers\demos\snakegame\FoodAction.h">
      <Filter>Header Files</Filter>
    </ClInclude>
    <ClInclude Include="..\headers\demos\snakegame\SnakeAction.h">
      <Filter>Header Files</Filter>
    </ClInclude>
    <ClInclude Include="..\headers\demos\snakegame\SnakeEatFoodTask.h">
      <Filter>Header Files</Filter>
    </ClInclude>
    <ClInclude Include="..\headers\demos\snakegame\SnakeEatSelfTask.h">
      <Filter>Header Files</Filter>
    </ClInclude>
    <ClInclude Include="..\headers\demos\snakegame\SnakeGameApp.h">
      <Filter>Header Files</Filter>
    </ClInclude>
    <ClInclude Include="..\headers\demos\snakegame\SnakeGameMenuStage.h">
      <Filter>Header Files</Filter>
    </ClInclude>
    <ClInclude Include="..\headers\demos\snakegame\SnakeGameStage.h">
      <Filter>Header Files</Filter>
    </ClInclude>
    <ClInclude Include="..\headers\demos\spacegame\AsteroidAction.h">
      <Filter>Header Files</Filter>
    </ClInclude>
    <ClInclude Include="..\headers\demos\spacegame\BackgroundStarsAction.h">
      <Filter>Header Files</Filter>
    </ClInclude>
    <ClInclude Include="..\headers\demos\spacegame\PlayerSpaceshipAction.h">
      <Filter>Header Files</Filter>
    </ClInclude>
    <ClInclude Include="..\headers\demos\spacegame\SpaceGameAction.h">
      <Filter>Header Files</Filter>
    </ClInclude>
    <ClInclude Include="..\headers\demos\spacegame\SpaceGameApp.h">
      <Filter>Header Files</Filter>
    </ClInclude>
    <ClInclude Include="..\headers\demos\spacegame\SpaceGameEntityConstructor.h">
      <Filter>Header Files</Filter>
    </ClInclude>
    <ClInclude Include="..\headers\demos\spacegame\SpaceGameMenuStage.h">
      <Filter>Header Files</Filter>
    </ClInclude>
    <ClInclude Include="..\headers\demos\spacegame\SpaceGameStage.h">
      <Filter>Header Files</Filter>
    </ClInclude>
    <ClInclude Include="..\headers\events\ButtonEventArgs.h">
      <Filter>Header Files</Filter>
    </ClInclude>
    <ClInclude Include="..\headers\events\CollisionEventArgs.h">
      <Filter>Header Files</Filter>
    </ClInclude>
    <ClInclude Include="..\headers\events\EventObserveable.h">
      <Filter>Header Files</Filter>
    </ClInclude>
    <ClInclude Include="..\headers\events\ExitBoundsEventArgs.h">
      <Filter>Header Files</Filter>
    </ClInclude>
    <ClInclude Include="..\headers\events\IEventArgs.h">
      <Filter>Header Files</Filter>
    </ClInclude>
    <ClInclude Include="..\headers\events\IntersectionEventArgs.h">
      <Filter>Header Files</Filter>
    </ClInclude>
    <ClInclude Include="..\headers\events\ITaskEvent.h">
      <Filter>Header Files</Filter>
    </ClInclude>
    <ClInclude Include="..\headers\events\MouseButtonEventArgs.h">
      <Filter>Header Files</Filter>
    </ClInclude>
    <ClInclude Include="..\headers\events\MouseMotionEventArgs.h">
      <Filter>Header Files</Filter>
    </ClInclude>
    <ClInclude Include="..\headers\events\QuitApplicationEventArgs.h">
      <Filter>Header Files</Filter>
    </ClInclude>
    <ClInclude Include="..\headers\events\SDLEventCollector.h">
      <Filter>Header Files</Filter>
    </ClInclude>
    <ClInclude Include="..\headers\events\TaskEvent.h">
      <Filter>Header Files</Filter>
    </ClInclude>
    <ClInclude Include="..\headers\game\GameStateLoader.h">
      <Filter>Header Files</Filter>
    </ClInclude>
    <ClInclude Include="..\headers\game\IGameApp.h">
      <Filter>Header Files</Filter>
    </ClInclude>
    <ClInclude Include="..\headers\game\IStage.h">
      <Filter>Header Files</Filter>
    </ClInclude>
    <ClInclude Include="..\headers\game\ParseContext.h">
      <Filter>Header Files</Filter>
    </ClInclude>
    <ClInclude Include="..\headers\game\Parser.h">
      <Filter>Header Files</Filter>
    </ClInclude>
    <ClInclude Include="..\headers\graphics\BubbleGraphicsResources.h">
      <Filter>Header Files</Filter>
    </ClInclude>
    <ClInclude Include="..\headers\graphics\Camera.h">
      <Filter>Header Files</Filter>
    </ClInclude>
    <ClInclude Include="..\headers\graphics\CircleFIllGraphicsResource.h">
      <Filter>Header Files</Filter>
    </ClInclude>
    <ClInclude Include="..\headers\graphics\CircleOutlineGraphicsResource.h">
      <Filter>Header Files</Filter>
    </ClInclude>
    <ClInclude Include="..\headers\graphics\Color.h">
      <Filter>Header Files</Filter>
    </ClInclude>
    <ClInclude Include="..\headers\graphics\EnemyTriangleGraphicsResource.h">
      <Filter>Header Files</Filter>
    </ClInclude>
    <ClInclude Include="..\headers\graphics\Graphics.h">
      <Filter>Header Files</Filter>
    </ClInclude>
    <ClInclude Include="..\headers\graphics\GraphicsUtility.h">
      <Filter>Header Files</Filter>
    </ClInclude>
    <ClInclude Include="..\headers\graphics\GridGraphicsResource.h">
      <Filter>Header Files</Filter>
    </ClInclude>
    <ClInclude Include="..\headers\graphics\IGraphicsResource.h">
      <Filter>Header Files</Filter>
    </ClInclude>
    <ClInclude Include="..\headers\graphics\ITransform.h">
      <Filter>Header Files</Filter>
    </ClInclude>
    <ClInclude Include="..\headers\graphics\MouseCameraTransform.h">
      <Filter>Header Files</Filter>
    </ClInclude>
    <ClInclude Include="..\headers\graphics\ProceduralAsteroidGraphicsResource.h">
      <Filter>Header Files</Filter>
    </ClInclude>
    <ClInclude Include="..\headers\graphics\RectGraphicsResource.h">
      <Filter>Header Files</Filter>
    </ClInclude>
    <ClInclude Include="..\headers\graphics\SpriteGraphicsResource.h">
      <Filter>Header Files</Filter>
    </ClInclude>
    <ClInclude Include="..\headers\graphics\StarGraphicsResource.h">
      <Filter>Header Files</Filter>
    </ClInclude>
    <ClInclude Include="..\headers\graphics\TextGraphicsResource.h">
      <Filter>Header Files</Filter>
    </ClInclude>
    <ClInclude Include="..\headers\graphics\TriangleGraphicsResource.h">
      <Filter>Header Files</Filter>
    </ClInclude>
    <ClInclude Include="..\headers\physics\CollisionPhysicsTask.h">
      <Filter>Header Files</Filter>
    </ClInclude>
    <ClInclude Include="..\headers\physics\ExitBoundsTask.h">
      <Filter>Header Files</Filter>
    </ClInclude>
    <ClInclude Include="..\headers\physics\IntersectionTask.h">
      <Filter>Header Files</Filter>
    </ClInclude>
    <ClInclude Include="..\headers\physics\IPhysicsTask.h">
      <Filter>Header Files</Filter>
    </ClInclude>
    <ClInclude Include="..\headers\physics\Physics.h">
      <Filter>Header Files</Filter>
    </ClInclude>
    <ClInclude Include="..\headers\physics\VelocityTask.h">
      <Filter>Header Files</Filter>
    </ClInclude>
    <ClInclude Include="..\headers\utility\DebugUtility.h">
      <Filter>Header Files</Filter>
    </ClInclude>
    <ClInclude Include="..\headers\utility\FileUtility.h">
      <Filter>Header Files</Filter>
    </ClInclude>
    <ClInclude Include="..\headers\utility\LogUtility.h">
      <Filter>Header Files</Filter>
    </ClInclude>
    <ClInclude Include="..\headers\utility\MathUtility.h">
      <Filter>Header Files</Filter>
    </ClInclude>
    <ClInclude Include="..\headers\utility\ProcessUtility.h">
      <Filter>Header Files</Filter>
    </ClInclude>
    <ClInclude Include="..\headers\utility\SerialUtility.h">
      <Filter>Header Files</Filter>
    </ClInclude>
    <ClInclude Include="..\headers\utility\TypeUtility.h">
      <Filter>Header Files</Filter>
    </ClInclude>
    <ClInclude Include="..\headers\utility\Vector.h">
      <Filter>Header Files</Filter>
    </ClInclude>
    <ClInclude Include="..\Headers\Demos\FunTest\FunTestGameApp.h">
      <Filter>Header Files</Filter>
    </ClInclude>
    <ClInclude Include="..\Headers\Demos\FunTest\FunTestMenuStage.h">
      <Filter>Header Files</Filter>
    </ClInclude>
    <ClInclude Include="..\Headers\Events\MouseOverEventArgs.h">
      <Filter>Header Files</Filter>
    </ClInclude>
    <ClInclude Include="..\Headers\Graphics\SimpleStatusBarGraphicResource.h">
      <Filter>Header Files</Filter>
    </ClInclude>
    <ClInclude Include="..\Headers\Utility\SpatialHashTable.h">
      <Filter>Header Files</Filter>
    </ClInclude>
  </ItemGroup>
</Project>